// !$*UTF8*$!
{
	archiveVersion = 1;
	classes = {
	};
	objectVersion = 56;
	objects = {

/* Begin PBXBuildFile section */
		0540205B2CC9B3830009DD38 /* Aula01_IF_NoturnoApp.swift in Sources */ = {isa = PBXBuildFile; fileRef = 0540205A2CC9B3830009DD38 /* Aula01_IF_NoturnoApp.swift */; };
		0540205D2CC9B3830009DD38 /* ContentView.swift in Sources */ = {isa = PBXBuildFile; fileRef = 0540205C2CC9B3830009DD38 /* ContentView.swift */; };
		0540205F2CC9B3850009DD38 /* Assets.xcassets in Resources */ = {isa = PBXBuildFile; fileRef = 0540205E2CC9B3850009DD38 /* Assets.xcassets */; };
		054020622CC9B3850009DD38 /* Preview Assets.xcassets in Resources */ = {isa = PBXBuildFile; fileRef = 054020612CC9B3850009DD38 /* Preview Assets.xcassets */; };
		0540206B2CC9B5080009DD38 /* D1.swift in Sources */ = {isa = PBXBuildFile; fileRef = 0540206A2CC9B5080009DD38 /* D1.swift */; };
		0540206D2CC9BDFA0009DD38 /* Hackatruck.jpeg in Resources */ = {isa = PBXBuildFile; fileRef = 0540206C2CC9BDFA0009DD38 /* Hackatruck.jpeg */; };
		0540206F2CC9C4F10009DD38 /* Instagram.swift in Sources */ = {isa = PBXBuildFile; fileRef = 0540206E2CC9C4F10009DD38 /* Instagram.swift */; };
		054020712CC9C6750009DD38 /* gatinho.jpeg in Resources */ = {isa = PBXBuildFile; fileRef = 054020702CC9C6740009DD38 /* gatinho.jpeg */; };
		054020752CC9CDFF0009DD38 /* ftgatinho01.jpeg in Resources */ = {isa = PBXBuildFile; fileRef = 054020742CC9CDFF0009DD38 /* ftgatinho01.jpeg */; };
		054020772CC9CE0C0009DD38 /* ftgatinho02.jpeg in Resources */ = {isa = PBXBuildFile; fileRef = 054020762CC9CE0C0009DD38 /* ftgatinho02.jpeg */; };
		0597557A2CCAFF4F00657C5E /* ZStacks.swift in Sources */ = {isa = PBXBuildFile; fileRef = 059755792CCAFF4F00657C5E /* ZStacks.swift */; };
		0597557C2CCB06A500657C5E /* hackaLogo.png in Resources */ = {isa = PBXBuildFile; fileRef = 0597557B2CCB06A500657C5E /* hackaLogo.png */; };
/* End PBXBuildFile section */

/* Begin PBXFileReference section */
		054020572CC9B3830009DD38 /* Aula01-IF-Noturno.app */ = {isa = PBXFileReference; explicitFileType = wrapper.application; includeInIndex = 0; path = "Aula01-IF-Noturno.app"; sourceTree = BUILT_PRODUCTS_DIR; };
		0540205A2CC9B3830009DD38 /* Aula01_IF_NoturnoApp.swift */ = {isa = PBXFileReference; lastKnownFileType = sourcecode.swift; path = Aula01_IF_NoturnoApp.swift; sourceTree = "<group>"; };
		0540205C2CC9B3830009DD38 /* ContentView.swift */ = {isa = PBXFileReference; lastKnownFileType = sourcecode.swift; path = ContentView.swift; sourceTree = "<group>"; };
		0540205E2CC9B3850009DD38 /* Assets.xcassets */ = {isa = PBXFileReference; lastKnownFileType = folder.assetcatalog; path = Assets.xcassets; sourceTree = "<group>"; };
		054020612CC9B3850009DD38 /* Preview Assets.xcassets */ = {isa = PBXFileReference; lastKnownFileType = folder.assetcatalog; path = "Preview Assets.xcassets"; sourceTree = "<group>"; };
		0540206A2CC9B5080009DD38 /* D1.swift */ = {isa = PBXFileReference; lastKnownFileType = sourcecode.swift; path = D1.swift; sourceTree = "<group>"; };
		0540206C2CC9BDFA0009DD38 /* Hackatruck.jpeg */ = {isa = PBXFileReference; lastKnownFileType = image.jpeg; name = Hackatruck.jpeg; path = ../../../../Downloads/Hackatruck.jpeg; sourceTree = "<group>"; };
		0540206E2CC9C4F10009DD38 /* Instagram.swift */ = {isa = PBXFileReference; lastKnownFileType = sourcecode.swift; path = Instagram.swift; sourceTree = "<group>"; };
		054020702CC9C6740009DD38 /* gatinho.jpeg */ = {isa = PBXFileReference; lastKnownFileType = image.jpeg; path = gatinho.jpeg; sourceTree = "<group>"; };
		054020742CC9CDFF0009DD38 /* ftgatinho01.jpeg */ = {isa = PBXFileReference; lastKnownFileType = image.jpeg; path = ftgatinho01.jpeg; sourceTree = "<group>"; };
		054020762CC9CE0C0009DD38 /* ftgatinho02.jpeg */ = {isa = PBXFileReference; lastKnownFileType = image.jpeg; path = ftgatinho02.jpeg; sourceTree = "<group>"; };
		059755792CCAFF4F00657C5E /* ZStacks.swift */ = {isa = PBXFileReference; lastKnownFileType = sourcecode.swift; path = ZStacks.swift; sourceTree = "<group>"; };
		0597557B2CCB06A500657C5E /* hackaLogo.png */ = {isa = PBXFileReference; lastKnownFileType = image.png; name = hackaLogo.png; path = ../../../../Downloads/hackaLogo.png; sourceTree = "<group>"; };
/* End PBXFileReference section */

/* Begin PBXFrameworksBuildPhase section */
		054020542CC9B3830009DD38 /* Frameworks */ = {
			isa = PBXFrameworksBuildPhase;
			buildActionMask = 2147483647;
			files = (
			);
			runOnlyForDeploymentPostprocessing = 0;
		};
/* End PBXFrameworksBuildPhase section */

/* Begin PBXGroup section */
		0540204E2CC9B3830009DD38 = {
			isa = PBXGroup;
			children = (
				054020592CC9B3830009DD38 /* Aula01-IF-Noturno */,
				054020582CC9B3830009DD38 /* Products */,
			);
			sourceTree = "<group>";
		};
		054020582CC9B3830009DD38 /* Products */ = {
			isa = PBXGroup;
			children = (
				054020572CC9B3830009DD38 /* Aula01-IF-Noturno.app */,
			);
			name = Products;
			sourceTree = "<group>";
		};
		054020592CC9B3830009DD38 /* Aula01-IF-Noturno */ = {
			isa = PBXGroup;
			children = (
				0540205A2CC9B3830009DD38 /* Aula01_IF_NoturnoApp.swift */,
				0540205C2CC9B3830009DD38 /* ContentView.swift */,
				0540205E2CC9B3850009DD38 /* Assets.xcassets */,
				054020602CC9B3850009DD38 /* Preview Content */,
				0540206A2CC9B5080009DD38 /* D1.swift */,
				0540206E2CC9C4F10009DD38 /* Instagram.swift */,
				059755792CCAFF4F00657C5E /* ZStacks.swift */,
			);
			path = "Aula01-IF-Noturno";
			sourceTree = "<group>";
		};
		054020602CC9B3850009DD38 /* Preview Content */ = {
			isa = PBXGroup;
			children = (
				0540207C2CC9CE2F0009DD38 /* Img */,
				0540206C2CC9BDFA0009DD38 /* Hackatruck.jpeg */,
				054020612CC9B3850009DD38 /* Preview Assets.xcassets */,
			);
			path = "Preview Content";
			sourceTree = "<group>";
		};
		0540207C2CC9CE2F0009DD38 /* Img */ = {
			isa = PBXGroup;
			children = (
				0597557B2CCB06A500657C5E /* hackaLogo.png */,
				054020742CC9CDFF0009DD38 /* ftgatinho01.jpeg */,
				054020762CC9CE0C0009DD38 /* ftgatinho02.jpeg */,
				054020702CC9C6740009DD38 /* gatinho.jpeg */,
			);
			name = Img;
			sourceTree = "<group>";
		};
/* End PBXGroup section */

/* Begin PBXNativeTarget section */
		054020562CC9B3830009DD38 /* Aula01-IF-Noturno */ = {
			isa = PBXNativeTarget;
			buildConfigurationList = 054020652CC9B3850009DD38 /* Build configuration list for PBXNativeTarget "Aula01-IF-Noturno" */;
			buildPhases = (
				054020532CC9B3830009DD38 /* Sources */,
				054020542CC9B3830009DD38 /* Frameworks */,
				054020552CC9B3830009DD38 /* Resources */,
			);
			buildRules = (
			);
			dependencies = (
			);
			name = "Aula01-IF-Noturno";
			productName = "Aula01-IF-Noturno";
			productReference = 054020572CC9B3830009DD38 /* Aula01-IF-Noturno.app */;
			productType = "com.apple.product-type.application";
		};
/* End PBXNativeTarget section */

/* Begin PBXProject section */
		0540204F2CC9B3830009DD38 /* Project object */ = {
			isa = PBXProject;
			attributes = {
				BuildIndependentTargetsInParallel = 1;
				LastSwiftUpdateCheck = 1540;
				LastUpgradeCheck = 1540;
				TargetAttributes = {
					054020562CC9B3830009DD38 = {
						CreatedOnToolsVersion = 15.4;
					};
				};
			};
			buildConfigurationList = 054020522CC9B3830009DD38 /* Build configuration list for PBXProject "Aula01-IF-Noturno" */;
			compatibilityVersion = "Xcode 14.0";
			developmentRegion = en;
			hasScannedForEncodings = 0;
			knownRegions = (
				en,
				Base,
			);
			mainGroup = 0540204E2CC9B3830009DD38;
			productRefGroup = 054020582CC9B3830009DD38 /* Products */;
			projectDirPath = "";
			projectRoot = "";
			targets = (
				054020562CC9B3830009DD38 /* Aula01-IF-Noturno */,
			);
		};
/* End PBXProject section */

/* Begin PBXResourcesBuildPhase section */
		054020552CC9B3830009DD38 /* Resources */ = {
			isa = PBXResourcesBuildPhase;
			buildActionMask = 2147483647;
			files = (
				054020772CC9CE0C0009DD38 /* ftgatinho02.jpeg in Resources */,
				0597557C2CCB06A500657C5E /* hackaLogo.png in Resources */,
				054020752CC9CDFF0009DD38 /* ftgatinho01.jpeg in Resources */,
				054020622CC9B3850009DD38 /* Preview Assets.xcassets in Resources */,
				0540206D2CC9BDFA0009DD38 /* Hackatruck.jpeg in Resources */,
				054020712CC9C6750009DD38 /* gatinho.jpeg in Resources */,
				0540205F2CC9B3850009DD38 /* Assets.xcassets in Resources */,
			);
			runOnlyForDeploymentPostprocessing = 0;
		};
/* End PBXResourcesBuildPhase section */

/* Begin PBXSourcesBuildPhase section */
		054020532CC9B3830009DD38 /* Sources */ = {
			isa = PBXSourcesBuildPhase;
			buildActionMask = 2147483647;
			files = (
				0540206F2CC9C4F10009DD38 /* Instagram.swift in Sources */,
				0540205D2CC9B3830009DD38 /* ContentView.swift in Sources */,
				0540205B2CC9B3830009DD38 /* Aula01_IF_NoturnoApp.swift in Sources */,
				0540206B2CC9B5080009DD38 /* D1.swift in Sources */,
				0597557A2CCAFF4F00657C5E /* ZStacks.swift in Sources */,
			);
			runOnlyForDeploymentPostprocessing = 0;
		};
/* End PBXSourcesBuildPhase section */

/* Begin XCBuildConfiguration section */
		054020632CC9B3850009DD38 /* Debug */ = {
			isa = XCBuildConfiguration;
			buildSettings = {
				ALWAYS_SEARCH_USER_PATHS = NO;
				ASSETCATALOG_COMPILER_GENERATE_SWIFT_ASSET_SYMBOL_EXTENSIONS = YES;
				CLANG_ANALYZER_NONNULL = YES;
				CLANG_ANALYZER_NUMBER_OBJECT_CONVERSION = YES_AGGRESSIVE;
				CLANG_CXX_LANGUAGE_STANDARD = "gnu++20";
				CLANG_ENABLE_MODULES = YES;
				CLANG_ENABLE_OBJC_ARC = YES;
				CLANG_ENABLE_OBJC_WEAK = YES;
				CLANG_WARN_BLOCK_CAPTURE_AUTORELEASING = YES;
				CLANG_WARN_BOOL_CONVERSION = YES;
				CLANG_WARN_COMMA = YES;
				CLANG_WARN_CONSTANT_CONVERSION = YES;
				CLANG_WARN_DEPRECATED_OBJC_IMPLEMENTATIONS = YES;
				CLANG_WARN_DIRECT_OBJC_ISA_USAGE = YES_ERROR;
				CLANG_WARN_DOCUMENTATION_COMMENTS = YES;
				CLANG_WARN_EMPTY_BODY = YES;
				CLANG_WARN_ENUM_CONVERSION = YES;
				CLANG_WARN_INFINITE_RECURSION = YES;
				CLANG_WARN_INT_CONVERSION = YES;
				CLANG_WARN_NON_LITERAL_NULL_CONVERSION = YES;
				CLANG_WARN_OBJC_IMPLICIT_RETAIN_SELF = YES;
				CLANG_WARN_OBJC_LITERAL_CONVERSION = YES;
				CLANG_WARN_OBJC_ROOT_CLASS = YES_ERROR;
				CLANG_WARN_QUOTED_INCLUDE_IN_FRAMEWORK_HEADER = YES;
				CLANG_WARN_RANGE_LOOP_ANALYSIS = YES;
				CLANG_WARN_STRICT_PROTOTYPES = YES;
				CLANG_WARN_SUSPICIOUS_MOVE = YES;
				CLANG_WARN_UNGUARDED_AVAILABILITY = YES_AGGRESSIVE;
				CLANG_WARN_UNREACHABLE_CODE = YES;
				CLANG_WARN__DUPLICATE_METHOD_MATCH = YES;
				COPY_PHASE_STRIP = NO;
				DEBUG_INFORMATION_FORMAT = dwarf;
				ENABLE_STRICT_OBJC_MSGSEND = YES;
				ENABLE_TESTABILITY = YES;
				ENABLE_USER_SCRIPT_SANDBOXING = YES;
				GCC_C_LANGUAGE_STANDARD = gnu17;
				GCC_DYNAMIC_NO_PIC = NO;
				GCC_NO_COMMON_BLOCKS = YES;
				GCC_OPTIMIZATION_LEVEL = 0;
				GCC_PREPROCESSOR_DEFINITIONS = (
					"DEBUG=1",
					"$(inherited)",
				);
				GCC_WARN_64_TO_32_BIT_CONVERSION = YES;
				GCC_WARN_ABOUT_RETURN_TYPE = YES_ERROR;
				GCC_WARN_UNDECLARED_SELECTOR = YES;
				GCC_WARN_UNINITIALIZED_AUTOS = YES_AGGRESSIVE;
				GCC_WARN_UNUSED_FUNCTION = YES;
				GCC_WARN_UNUSED_VARIABLE = YES;
				IPHONEOS_DEPLOYMENT_TARGET = 17.5;
				LOCALIZATION_PREFERS_STRING_CATALOGS = YES;
				MTL_ENABLE_DEBUG_INFO = INCLUDE_SOURCE;
				MTL_FAST_MATH = YES;
				ONLY_ACTIVE_ARCH = YES;
				SDKROOT = iphoneos;
				SWIFT_ACTIVE_COMPILATION_CONDITIONS = "DEBUG $(inherited)";
				SWIFT_OPTIMIZATION_LEVEL = "-Onone";
			};
			name = Debug;
		};
		054020642CC9B3850009DD38 /* Release */ = {
			isa = XCBuildConfiguration;
			buildSettings = {
				ALWAYS_SEARCH_USER_PATHS = NO;
				ASSETCATALOG_COMPILER_GENERATE_SWIFT_ASSET_SYMBOL_EXTENSIONS = YES;
				CLANG_ANALYZER_NONNULL = YES;
				CLANG_ANALYZER_NUMBER_OBJECT_CONVERSION = YES_AGGRESSIVE;
				CLANG_CXX_LANGUAGE_STANDARD = "gnu++20";
				CLANG_ENABLE_MODULES = YES;
				CLANG_ENABLE_OBJC_ARC = YES;
				CLANG_ENABLE_OBJC_WEAK = YES;
				CLANG_WARN_BLOCK_CAPTURE_AUTORELEASING = YES;
				CLANG_WARN_BOOL_CONVERSION = YES;
				CLANG_WARN_COMMA = YES;
				CLANG_WARN_CONSTANT_CONVERSION = YES;
				CLANG_WARN_DEPRECATED_OBJC_IMPLEMENTATIONS = YES;
				CLANG_WARN_DIRECT_OBJC_ISA_USAGE = YES_ERROR;
				CLANG_WARN_DOCUMENTATION_COMMENTS = YES;
				CLANG_WARN_EMPTY_BODY = YES;
				CLANG_WARN_ENUM_CONVERSION = YES;
				CLANG_WARN_INFINITE_RECURSION = YES;
				CLANG_WARN_INT_CONVERSION = YES;
				CLANG_WARN_NON_LITERAL_NULL_CONVERSION = YES;
				CLANG_WARN_OBJC_IMPLICIT_RETAIN_SELF = YES;
				CLANG_WARN_OBJC_LITERAL_CONVERSION = YES;
				CLANG_WARN_OBJC_ROOT_CLASS = YES_ERROR;
				CLANG_WARN_QUOTED_INCLUDE_IN_FRAMEWORK_HEADER = YES;
				CLANG_WARN_RANGE_LOOP_ANALYSIS = YES;
				CLANG_WARN_STRICT_PROTOTYPES = YES;
				CLANG_WARN_SUSPICIOUS_MOVE = YES;
				CLANG_WARN_UNGUARDED_AVAILABILITY = YES_AGGRESSIVE;
				CLANG_WARN_UNREACHABLE_CODE = YES;
				CLANG_WARN__DUPLICATE_METHOD_MATCH = YES;
				COPY_PHASE_STRIP = NO;
				DEBUG_INFORMATION_FORMAT = "dwarf-with-dsym";
				ENABLE_NS_ASSERTIONS = NO;
				ENABLE_STRICT_OBJC_MSGSEND = YES;
				ENABLE_USER_SCRIPT_SANDBOXING = YES;
				GCC_C_LANGUAGE_STANDARD = gnu17;
				GCC_NO_COMMON_BLOCKS = YES;
				GCC_WARN_64_TO_32_BIT_CONVERSION = YES;
				GCC_WARN_ABOUT_RETURN_TYPE = YES_ERROR;
				GCC_WARN_UNDECLARED_SELECTOR = YES;
				GCC_WARN_UNINITIALIZED_AUTOS = YES_AGGRESSIVE;
				GCC_WARN_UNUSED_FUNCTION = YES;
				GCC_WARN_UNUSED_VARIABLE = YES;
				IPHONEOS_DEPLOYMENT_TARGET = 17.5;
				LOCALIZATION_PREFERS_STRING_CATALOGS = YES;
				MTL_ENABLE_DEBUG_INFO = NO;
				MTL_FAST_MATH = YES;
				SDKROOT = iphoneos;
				SWIFT_COMPILATION_MODE = wholemodule;
				VALIDATE_PRODUCT = YES;
			};
			name = Release;
		};
		054020662CC9B3850009DD38 /* Debug */ = {
			isa = XCBuildConfiguration;
			buildSettings = {
				ASSETCATALOG_COMPILER_APPICON_NAME = AppIcon;
				ASSETCATALOG_COMPILER_GLOBAL_ACCENT_COLOR_NAME = AccentColor;
				CODE_SIGN_STYLE = Automatic;
				CURRENT_PROJECT_VERSION = 1;
				DEVELOPMENT_ASSET_PATHS = "\"Aula01-IF-Noturno/Preview Content\"";
				ENABLE_PREVIEWS = YES;
				GENERATE_INFOPLIST_FILE = YES;
				INFOPLIST_KEY_UIApplicationSceneManifest_Generation = YES;
				INFOPLIST_KEY_UIApplicationSupportsIndirectInputEvents = YES;
				INFOPLIST_KEY_UILaunchScreen_Generation = YES;
				INFOPLIST_KEY_UISupportedInterfaceOrientations_iPad = "UIInterfaceOrientationPortrait UIInterfaceOrientationPortraitUpsideDown UIInterfaceOrientationLandscapeLeft UIInterfaceOrientationLandscapeRight";
				INFOPLIST_KEY_UISupportedInterfaceOrientations_iPhone = "UIInterfaceOrientationPortrait UIInterfaceOrientationLandscapeLeft UIInterfaceOrientationLandscapeRight";
				LD_RUNPATH_SEARCH_PATHS = (
					"$(inherited)",
					"@executable_path/Frameworks",
				);
				MARKETING_VERSION = 1.0;
				PRODUCT_BUNDLE_IDENTIFIER = "com.br.hackatruck.Aula01-IF-Noturno";
				PRODUCT_NAME = "$(TARGET_NAME)";
				SWIFT_EMIT_LOC_STRINGS = YES;
				SWIFT_VERSION = 5.0;
				TARGETED_DEVICE_FAMILY = "1,2";
			};
			name = Debug;
		};
		054020672CC9B3850009DD38 /* Release */ = {
			isa = XCBuildConfiguration;
			buildSettings = {
				ASSETCATALOG_COMPILER_APPICON_NAME = AppIcon;
				ASSETCATALOG_COMPILER_GLOBAL_ACCENT_COLOR_NAME = AccentColor;
				CODE_SIGN_STYLE = Automatic;
				CURRENT_PROJECT_VERSION = 1;
				DEVELOPMENT_ASSET_PATHS = "\"Aula01-IF-Noturno/Preview Content\"";
				ENABLE_PREVIEWS = YES;
				GENERATE_INFOPLIST_FILE = YES;
				INFOPLIST_KEY_UIApplicationSceneManifest_Generation = YES;
				INFOPLIST_KEY_UIApplicationSupportsIndirectInputEvents = YES;
				INFOPLIST_KEY_UILaunchScreen_Generation = YES;
				INFOPLIST_KEY_UISupportedInterfaceOrientations_iPad = "UIInterfaceOrientationPortrait UIInterfaceOrientationPortraitUpsideDown UIInterfaceOrientationLandscapeLeft UIInterfaceOrientationLandscapeRight";
				INFOPLIST_KEY_UISupportedInterfaceOrientations_iPhone = "UIInterfaceOrientationPortrait UIInterfaceOrientationLandscapeLeft UIInterfaceOrientationLandscapeRight";
				LD_RUNPATH_SEARCH_PATHS = (
					"$(inherited)",
					"@executable_path/Frameworks",
				);
				MARKETING_VERSION = 1.0;
				PRODUCT_BUNDLE_IDENTIFIER = "com.br.hackatruck.Aula01-IF-Noturno";
				PRODUCT_NAME = "$(TARGET_NAME)";
				SWIFT_EMIT_LOC_STRINGS = YES;
				SWIFT_VERSION = 5.0;
				TARGETED_DEVICE_FAMILY = "1,2";
			};
			name = Release;
		};
/* End XCBuildConfiguration section */

/* Begin XCConfigurationList section */
		054020522CC9B3830009DD38 /* Build configuration list for PBXProject "Aula01-IF-Noturno" */ = {
			isa = XCConfigurationList;
			buildConfigurations = (
				054020632CC9B3850009DD38 /* Debug */,
				054020642CC9B3850009DD38 /* Release */,
			);
			defaultConfigurationIsVisible = 0;
			defaultConfigurationName = Release;
		};
		054020652CC9B3850009DD38 /* Build configuration list for PBXNativeTarget "Aula01-IF-Noturno" */ = {
			isa = XCConfigurationList;
			buildConfigurations = (
				054020662CC9B3850009DD38 /* Debug */,
				054020672CC9B3850009DD38 /* Release */,
			);
			defaultConfigurationIsVisible = 0;
			defaultConfigurationName = Release;
		};
/* End XCConfigurationList section */
	};
	rootObject = 0540204F2CC9B3830009DD38 /* Project object */;
}
